{
  "name": "my-emoji-search",
  "version": "1.0.0",
  "lockfileVersion": 1,
  "requires": true,
  "dependencies": {
    "@types/emojione": {
      "version": "2.2.3",
      "resolved": "https://registry.npmjs.org/@types/emojione/-/emojione-2.2.3.tgz",
      "integrity": "sha512-aqWGLtjQGz7Lmketo5vOAjVoZ9B1vFISrCgVYZqzpDgwnqM0/9PxZBOL80vL/UdGDzxTtES+bconX2lCxQRaFA=="
    },
    "emoji-search": {
      "version": "1.0.0",
      "resolved": "https://registry.npmjs.org/emoji-search/-/emoji-search-1.0.0.tgz",
      "integrity": "sha1-2oV8ZpLdirLtNlvKcftuNDPQY5Q=",
      "requires": {
        "emojilib": "github:muan/emojilib#6249c05f3eae64b1506efe02cc9b1f26024e4fa7"
      }
    },
    "emojilib": {
      "version": "github:muan/emojilib#6249c05f3eae64b1506efe02cc9b1f26024e4fa7",
      "from": "github:muan/emojilib"
    },
    "emojione": {
      "version": "4.0.0",
      "resolved": "https://registry.npmjs.org/emojione/-/emojione-4.0.0.tgz",
      "integrity": "sha512-ATFSRHrK838NoTUE96j9rpmS1R4a/qpK1maQURGdFtarpWloEttjjIBBWbSFqsUxC0Vot6P2WXmSlotvZoegxw=="
    },
    "typescript": {
      "version": "3.1.3",
      "resolved": "https://registry.npmjs.org/typescript/-/typescript-3.1.3.tgz",
      "integrity": "sha512-+81MUSyX+BaSo+u2RbozuQk/UWx6hfG0a5gHu4ANEM4sU96XbuIyAB+rWBW1u70c6a5QuZfuYICn3s2UjuHUpA==",
      "dev": true
    }
  }
}
